// !$*UTF8*$!
{
	archiveVersion = 1;
	classes = {
	};
	objectVersion = 46;
	objects = {

/* Begin PBXBuildFile section */
		F279CB5B1EAD967D007418BD /* AppDelegate.swift in Sources */ = {isa = PBXBuildFile; fileRef = F279CB5A1EAD967D007418BD /* AppDelegate.swift */; };
		F279CB5D1EAD967D007418BD /* ViewController.swift in Sources */ = {isa = PBXBuildFile; fileRef = F279CB5C1EAD967D007418BD /* ViewController.swift */; };
		F279CB621EAD967D007418BD /* Assets.xcassets in Resources */ = {isa = PBXBuildFile; fileRef = F279CB611EAD967D007418BD /* Assets.xcassets */; };
		F279CB651EAD967D007418BD /* LaunchScreen.storyboard in Resources */ = {isa = PBXBuildFile; fileRef = F279CB631EAD967D007418BD /* LaunchScreen.storyboard */; };
/* End PBXBuildFile section */

/* Begin PBXFileReference section */
		F279CB571EAD967D007418BD /* YWShopping.app */ = {isa = PBXFileReference; explicitFileType = wrapper.application; includeInIndex = 0; path = YWShopping.app; sourceTree = BUILT_PRODUCTS_DIR; };
		F279CB5A1EAD967D007418BD /* AppDelegate.swift */ = {isa = PBXFileReference; lastKnownFileType = sourcecode.swift; path = AppDelegate.swift; sourceTree = "<group>"; };
		F279CB5C1EAD967D007418BD /* ViewController.swift */ = {isa = PBXFileReference; lastKnownFileType = sourcecode.swift; path = ViewController.swift; sourceTree = "<group>"; };
		F279CB611EAD967D007418BD /* Assets.xcassets */ = {isa = PBXFileReference; lastKnownFileType = folder.assetcatalog; path = Assets.xcassets; sourceTree = "<group>"; };
		F279CB641EAD967D007418BD /* Base */ = {isa = PBXFileReference; lastKnownFileType = file.storyboard; name = Base; path = Base.lproj/LaunchScreen.storyboard; sourceTree = "<group>"; };
		F279CB661EAD967D007418BD /* Info.plist */ = {isa = PBXFileReference; lastKnownFileType = text.plist.xml; path = Info.plist; sourceTree = "<group>"; };
/* End PBXFileReference section */

/* Begin PBXFrameworksBuildPhase section */
		F279CB541EAD967D007418BD /* Frameworks */ = {
			isa = PBXFrameworksBuildPhase;
			buildActionMask = 2147483647;
			files = (
			);
			runOnlyForDeploymentPostprocessing = 0;
		};
/* End PBXFrameworksBuildPhase section */

/* Begin PBXGroup section */
		F279CB4E1EAD967D007418BD = {
			isa = PBXGroup;
			children = (
				F279CB591EAD967D007418BD /* YWShopping */,
				F279CB581EAD967D007418BD /* Products */,
			);
			sourceTree = "<group>";
		};
		F279CB581EAD967D007418BD /* Products */ = {
			isa = PBXGroup;
			children = (
				F279CB571EAD967D007418BD /* YWShopping.app */,
			);
			name = Products;
			sourceTree = "<group>";
		};
		F279CB591EAD967D007418BD /* YWShopping */ = {
			isa = PBXGroup;
			children = (
				F279CB5A1EAD967D007418BD /* AppDelegate.swift */,
				F279CB5C1EAD967D007418BD /* ViewController.swift */,
				F279CB6C1EAD97C0007418BD /* Resource */,
			);
			path = YWShopping;
			sourceTree = "<group>";
		};
		F279CB6C1EAD97C0007418BD /* Resource */ = {
			isa = PBXGroup;
			children = (
				F279CB6D1EAD97CA007418BD /* Config */,
				F279CB6E1EAD97D3007418BD /* Image */,
				F279CB6F1EAD97DD007418BD /* Xib */,
			);
			name = Resource;
			sourceTree = "<group>";
		};
		F279CB6D1EAD97CA007418BD /* Config */ = {
			isa = PBXGroup;
			children = (
				F279CB661EAD967D007418BD /* Info.plist */,
			);
			name = Config;
			sourceTree = "<group>";
		};
		F279CB6E1EAD97D3007418BD /* Image */ = {
			isa = PBXGroup;
			children = (
				F279CB611EAD967D007418BD /* Assets.xcassets */,
			);
			name = Image;
			sourceTree = "<group>";
		};
		F279CB6F1EAD97DD007418BD /* Xib */ = {
			isa = PBXGroup;
			children = (
				F279CB631EAD967D007418BD /* LaunchScreen.storyboard */,
			);
			name = Xib;
			sourceTree = "<group>";
		};
/* End PBXGroup section */

/* Begin PBXNativeTarget section */
		F279CB561EAD967D007418BD /* YWShopping */ = {
			isa = PBXNativeTarget;
			buildConfigurationList = F279CB691EAD967D007418BD /* Build configuration list for PBXNativeTarget "YWShopping" */;
			buildPhases = (
				F279CB531EAD967D007418BD /* Sources */,
				F279CB541EAD967D007418BD /* Frameworks */,
				F279CB551EAD967D007418BD /* Resources */,
			);
			buildRules = (
			);
			dependencies = (
			);
			name = YWShopping;
			productName = YWShopping;
			productReference = F279CB571EAD967D007418BD /* YWShopping.app */;
			productType = "com.apple.product-type.application";
		};
/* End PBXNativeTarget section */

/* Begin PBXProject section */
		F279CB4F1EAD967D007418BD /* Project object */ = {
			isa = PBXProject;
			attributes = {
				LastSwiftUpdateCheck = 0820;
				LastUpgradeCheck = 0820;
				ORGANIZATIONNAME = Mac;
				TargetAttributes = {
					F279CB561EAD967D007418BD = {
						CreatedOnToolsVersion = 8.2.1;
						ProvisioningStyle = Automatic;
					};
				};
			};
			buildConfigurationList = F279CB521EAD967D007418BD /* Build configuration list for PBXProject "YWShopping" */;
			compatibilityVersion = "Xcode 3.2";
			developmentRegion = English;
			hasScannedForEncodings = 0;
			knownRegions = (
				en,
				Base,
			);
			mainGroup = F279CB4E1EAD967D007418BD;
			productRefGroup = F279CB581EAD967D007418BD /* Products */;
			projectDirPath = "";
			projectRoot = "";
			targets = (
				F279CB561EAD967D007418BD /* YWShopping */,
			);
		};
/* End PBXProject section */

/* Begin PBXResourcesBuildPhase section */
		F279CB551EAD967D007418BD /* Resources */ = {
			isa = PBXResourcesBuildPhase;
			buildActionMask = 2147483647;
			files = (
				F279CB651EAD967D007418BD /* LaunchScreen.storyboard in Resources */,
				F279CB621EAD967D007418BD /* Assets.xcassets in Resources */,
			);
			runOnlyForDeploymentPostprocessing = 0;
		};
/* End PBXResourcesBuildPhase section */

/* Begin PBXSourcesBuildPhase section */
		F279CB531EAD967D007418BD /* Sources */ = {
			isa = PBXSourcesBuildPhase;
			buildActionMask = 2147483647;
			files = (
				F279CB5D1EAD967D007418BD /* ViewController.swift in Sources */,
				F279CB5B1EAD967D007418BD /* AppDelegate.swift in Sources */,
			);
			runOnlyForDeploymentPostprocessing = 0;
		};
/* End PBXSourcesBuildPhase section */

/* Begin PBXVariantGroup section */
		F279CB631EAD967D007418BD /* LaunchScreen.storyboard */ = {
			isa = PBXVariantGroup;
			children = (
				F279CB641EAD967D007418BD /* Base */,
			);
			name = LaunchScreen.storyboard;
			sourceTree = "<group>";
		};
/* End PBXVariantGroup section */

/* Begin XCBuildConfiguration section */
		F279CB671EAD967D007418BD /* Debug */ = {
			isa = XCBuildConfiguration;
			buildSettings = {
				ALWAYS_SEARCH_USER_PATHS = NO;
				CLANG_ANALYZER_NONNULL = YES;
				CLANG_CXX_LANGUAGE_STANDARD = "gnu++0x";
				CLANG_CXX_LIBRARY = "libc++";
				CLANG_ENABLE_MODULES = YES;
				CLANG_ENABLE_OBJC_ARC = YES;
				CLANG_WARN_BOOL_CONVERSION = YES;
				CLANG_WARN_CONSTANT_CONVERSION = YES;
				CLANG_WARN_DIRECT_OBJC_ISA_USAGE = YES_ERROR;
				CLANG_WARN_DOCUMENTATION_COMMENTS = YES;
				CLANG_WARN_EMPTY_BODY = YES;
				CLANG_WARN_ENUM_CONVERSION = YES;
				CLANG_WARN_INFINITE_RECURSION = YES;
				CLANG_WARN_INT_CONVERSION = YES;
				CLANG_WARN_OBJC_ROOT_CLASS = YES_ERROR;
				CLANG_WARN_SUSPICIOUS_MOVE = YES;
				CLANG_WARN_UNREACHABLE_CODE = YES;
				CLANG_WARN__DUPLICATE_METHOD_MATCH = YES;
				"CODE_SIGN_IDENTITY[sdk=iphoneos*]" = "iPhone Developer";
				COPY_PHASE_STRIP = NO;
				DEBUG_INFORMATION_FORMAT = dwarf;
				ENABLE_STRICT_OBJC_MSGSEND = YES;
				ENABLE_TESTABILITY = YES;
				GCC_C_LANGUAGE_STANDARD = gnu99;
				GCC_DYNAMIC_NO_PIC = NO;
				GCC_GENERATE_TEST_COVERAGE_FILES = YES;
				GCC_NO_COMMON_BLOCKS = YES;
				GCC_OPTIMIZATION_LEVEL = 0;
				GCC_PREPROCESSOR_DEFINITIONS = (
					"DEBUG=1",
					"$(inherited)",
				);
				GCC_WARN_64_TO_32_BIT_CONVERSION = YES;
				GCC_WARN_ABOUT_RETURN_TYPE = YES_ERROR;
				GCC_WARN_UNDECLARED_SELECTOR = YES;
				GCC_WARN_UNINITIALIZED_AUTOS = YES_AGGRESSIVE;
				GCC_WARN_UNUSED_FUNCTION = YES;
				GCC_WARN_UNUSED_VARIABLE = YES;
				IPHONEOS_DEPLOYMENT_TARGET = 10.2;
				MTL_ENABLE_DEBUG_INFO = YES;
				ONLY_ACTIVE_ARCH = YES;
				SDKROOT = iphoneos;
				SWIFT_ACTIVE_COMPILATION_CONDITIONS = DEBUG;
				SWIFT_OPTIMIZATION_LEVEL = "-Onone";
				SWIFT_VERSION = 2.3;
			};
			name = Debug;
		};
		F279CB681EAD967D007418BD /* Release */ = {
			isa = XCBuildConfiguration;
			buildSettings = {
				ALWAYS_SEARCH_USER_PATHS = NO;
				CLANG_ANALYZER_NONNULL = YES;
				CLANG_CXX_LANGUAGE_STANDARD = "gnu++0x";
				CLANG_CXX_LIBRARY = "libc++";
				CLANG_ENABLE_MODULES = YES;
				CLANG_ENABLE_OBJC_ARC = YES;
				CLANG_WARN_BOOL_CONVERSION = YES;
				CLANG_WARN_CONSTANT_CONVERSION = YES;
				CLANG_WARN_DIRECT_OBJC_ISA_USAGE = YES_ERROR;
				CLANG_WARN_DOCUMENTATION_COMMENTS = YES;
				CLANG_WARN_EMPTY_BODY = YES;
				CLANG_WARN_ENUM_CONVERSION = YES;
				CLANG_WARN_INFINITE_RECURSION = YES;
				CLANG_WARN_INT_CONVERSION = YES;
				CLANG_WARN_OBJC_ROOT_CLASS = YES_ERROR;
				CLANG_WARN_SUSPICIOUS_MOVE = YES;
				CLANG_WARN_UNREACHABLE_CODE = YES;
				CLANG_WARN__DUPLICATE_METHOD_MATCH = YES;
				"CODE_SIGN_IDENTITY[sdk=iphoneos*]" = "iPhone Developer";
				COPY_PHASE_STRIP = NO;
				DEBUG_INFORMATION_FORMAT = "dwarf-with-dsym";
				ENABLE_NS_ASSERTIONS = NO;
				ENABLE_STRICT_OBJC_MSGSEND = YES;
				GCC_C_LANGUAGE_STANDARD = gnu99;
				GCC_GENERATE_TEST_COVERAGE_FILES = YES;
				GCC_NO_COMMON_BLOCKS = YES;
				GCC_WARN_64_TO_32_BIT_CONVERSION = YES;
				GCC_WARN_ABOUT_RETURN_TYPE = YES_ERROR;
				GCC_WARN_UNDECLARED_SELECTOR = YES;
				GCC_WARN_UNINITIALIZED_AUTOS = YES_AGGRESSIVE;
				GCC_WARN_UNUSED_FUNCTION = YES;
				GCC_WARN_UNUSED_VARIABLE = YES;
				IPHONEOS_DEPLOYMENT_TARGET = 10.2;
				MTL_ENABLE_DEBUG_INFO = NO;
				SDKROOT = iphoneos;
				SWIFT_OPTIMIZATION_LEVEL = "-Owholemodule";
				SWIFT_VERSION = 2.3;
				VALIDATE_PRODUCT = YES;
			};
			name = Release;
		};
		F279CB6A1EAD967D007418BD /* Debug */ = {
			isa = XCBuildConfiguration;
			buildSettings = {
				ASSETCATALOG_COMPILER_APPICON_NAME = AppIcon;
				GCC_GENERATE_TEST_COVERAGE_FILES = YES;
				INFOPLIST_FILE = YWShopping/Info.plist;
				LD_RUNPATH_SEARCH_PATHS = "$(inherited) @executable_path/Frameworks";
				PRODUCT_BUNDLE_IDENTIFIER = Ruofeng.YWShopping;
				PRODUCT_NAME = "$(TARGET_NAME)";
				SWIFT_VERSION = 2.3;
			};
			name = Debug;
		};
		F279CB6B1EAD967D007418BD /* Release */ = {
			isa = XCBuildConfiguration;
			buildSettings = {
				ASSETCATALOG_COMPILER_APPICON_NAME = AppIcon;
				GCC_GENERATE_TEST_COVERAGE_FILES = YES;
				INFOPLIST_FILE = YWShopping/Info.plist;
				LD_RUNPATH_SEARCH_PATHS = "$(inherited) @executable_path/Frameworks";
				PRODUCT_BUNDLE_IDENTIFIER = Ruofeng.YWShopping;
				PRODUCT_NAME = "$(TARGET_NAME)";
				SWIFT_VERSION = 2.3;
			};
			name = Release;
		};
/* End XCBuildConfiguration section */

/* Begin XCConfigurationList section */
		F279CB521EAD967D007418BD /* Build configuration list for PBXProject "YWShopping" */ = {
			isa = XCConfigurationList;
			buildConfigurations = (
				F279CB671EAD967D007418BD /* Debug */,
				F279CB681EAD967D007418BD /* Release */,
			);
			defaultConfigurationIsVisible = 0;
			defaultConfigurationName = Release;
		};
		F279CB691EAD967D007418BD /* Build configuration list for PBXNativeTarget "YWShopping" */ = {
			isa = XCConfigurationList;
			buildConfigurations = (
				F279CB6A1EAD967D007418BD /* Debug */,
				F279CB6B1EAD967D007418BD /* Release */,
			);
			defaultConfigurationIsVisible = 0;
		};
/* End XCConfigurationList section */
	};
	rootObject = F279CB4F1EAD967D007418BD /* Project object */;
}
